// !$*UTF8*$!
{
	archiveVersion = 1;
	classes = {
	};
	objectVersion = 50;
	objects = {

/* Begin PBXBuildFile section */
		3A44286C25B2E9FD003CA83D /* AppDelegate.swift in Sources */ = {isa = PBXBuildFile; fileRef = 3A44286B25B2E9FD003CA83D /* AppDelegate.swift */; };
		3A44286E25B2E9FD003CA83D /* SceneDelegate.swift in Sources */ = {isa = PBXBuildFile; fileRef = 3A44286D25B2E9FD003CA83D /* SceneDelegate.swift */; };
		3A44287025B2E9FD003CA83D /* ViewController.swift in Sources */ = {isa = PBXBuildFile; fileRef = 3A44286F25B2E9FD003CA83D /* ViewController.swift */; };
		3A44287325B2E9FD003CA83D /* Main.storyboard in Resources */ = {isa = PBXBuildFile; fileRef = 3A44287125B2E9FD003CA83D /* Main.storyboard */; };
		3A44287525B2E9FE003CA83D /* Assets.xcassets in Resources */ = {isa = PBXBuildFile; fileRef = 3A44287425B2E9FE003CA83D /* Assets.xcassets */; };
		3A44287825B2E9FE003CA83D /* LaunchScreen.storyboard in Resources */ = {isa = PBXBuildFile; fileRef = 3A44287625B2E9FE003CA83D /* LaunchScreen.storyboard */; };
		3A44288325B2E9FE003CA83D /* SampleScreenTransitionTests.swift in Sources */ = {isa = PBXBuildFile; fileRef = 3A44288225B2E9FE003CA83D /* SampleScreenTransitionTests.swift */; };
		3A44288E25B2E9FE003CA83D /* SampleScreenTransitionUITests.swift in Sources */ = {isa = PBXBuildFile; fileRef = 3A44288D25B2E9FE003CA83D /* SampleScreenTransitionUITests.swift */; };
		3A44289F25B2ECEF003CA83D /* ModalViewController.swift in Sources */ = {isa = PBXBuildFile; fileRef = 3A44289E25B2ECEE003CA83D /* ModalViewController.swift */; };
		3A4428A425B2F0E2003CA83D /* FileRelationshipViewController.swift in Sources */ = {isa = PBXBuildFile; fileRef = 3A4428A325B2F0E2003CA83D /* FileRelationshipViewController.swift */; };
		3A4428A925B2FAEA003CA83D /* SecondViewController.swift in Sources */ = {isa = PBXBuildFile; fileRef = 3A4428A825B2FAEA003CA83D /* SecondViewController.swift */; };
/* End PBXBuildFile section */

/* Begin PBXContainerItemProxy section */
		3A44287F25B2E9FE003CA83D /* PBXContainerItemProxy */ = {
			isa = PBXContainerItemProxy;
			containerPortal = 3A44286025B2E9FD003CA83D /* Project object */;
			proxyType = 1;
			remoteGlobalIDString = 3A44286725B2E9FD003CA83D;
			remoteInfo = SampleScreenTransition;
		};
		3A44288A25B2E9FE003CA83D /* PBXContainerItemProxy */ = {
			isa = PBXContainerItemProxy;
			containerPortal = 3A44286025B2E9FD003CA83D /* Project object */;
			proxyType = 1;
			remoteGlobalIDString = 3A44286725B2E9FD003CA83D;
			remoteInfo = SampleScreenTransition;
		};
/* End PBXContainerItemProxy section */

/* Begin PBXFileReference section */
		3A44286825B2E9FD003CA83D /* SampleScreenTransition.app */ = {isa = PBXFileReference; explicitFileType = wrapper.application; includeInIndex = 0; path = SampleScreenTransition.app; sourceTree = BUILT_PRODUCTS_DIR; };
		3A44286B25B2E9FD003CA83D /* AppDelegate.swift */ = {isa = PBXFileReference; lastKnownFileType = sourcecode.swift; path = AppDelegate.swift; sourceTree = "<group>"; };
		3A44286D25B2E9FD003CA83D /* SceneDelegate.swift */ = {isa = PBXFileReference; lastKnownFileType = sourcecode.swift; path = SceneDelegate.swift; sourceTree = "<group>"; };
		3A44286F25B2E9FD003CA83D /* ViewController.swift */ = {isa = PBXFileReference; lastKnownFileType = sourcecode.swift; path = ViewController.swift; sourceTree = "<group>"; };
		3A44287225B2E9FD003CA83D /* Base */ = {isa = PBXFileReference; lastKnownFileType = file.storyboard; name = Base; path = Base.lproj/Main.storyboard; sourceTree = "<group>"; };
		3A44287425B2E9FE003CA83D /* Assets.xcassets */ = {isa = PBXFileReference; lastKnownFileType = folder.assetcatalog; path = Assets.xcassets; sourceTree = "<group>"; };
		3A44287725B2E9FE003CA83D /* Base */ = {isa = PBXFileReference; lastKnownFileType = file.storyboard; name = Base; path = Base.lproj/LaunchScreen.storyboard; sourceTree = "<group>"; };
		3A44287925B2E9FE003CA83D /* Info.plist */ = {isa = PBXFileReference; lastKnownFileType = text.plist.xml; path = Info.plist; sourceTree = "<group>"; };
		3A44287E25B2E9FE003CA83D /* SampleScreenTransitionTests.xctest */ = {isa = PBXFileReference; explicitFileType = wrapper.cfbundle; includeInIndex = 0; path = SampleScreenTransitionTests.xctest; sourceTree = BUILT_PRODUCTS_DIR; };
		3A44288225B2E9FE003CA83D /* SampleScreenTransitionTests.swift */ = {isa = PBXFileReference; lastKnownFileType = sourcecode.swift; path = SampleScreenTransitionTests.swift; sourceTree = "<group>"; };
		3A44288425B2E9FE003CA83D /* Info.plist */ = {isa = PBXFileReference; lastKnownFileType = text.plist.xml; path = Info.plist; sourceTree = "<group>"; };
		3A44288925B2E9FE003CA83D /* SampleScreenTransitionUITests.xctest */ = {isa = PBXFileReference; explicitFileType = wrapper.cfbundle; includeInIndex = 0; path = SampleScreenTransitionUITests.xctest; sourceTree = BUILT_PRODUCTS_DIR; };
		3A44288D25B2E9FE003CA83D /* SampleScreenTransitionUITests.swift */ = {isa = PBXFileReference; lastKnownFileType = sourcecode.swift; path = SampleScreenTransitionUITests.swift; sourceTree = "<group>"; };
		3A44288F25B2E9FE003CA83D /* Info.plist */ = {isa = PBXFileReference; lastKnownFileType = text.plist.xml; path = Info.plist; sourceTree = "<group>"; };
		3A44289E25B2ECEE003CA83D /* ModalViewController.swift */ = {isa = PBXFileReference; lastKnownFileType = sourcecode.swift; path = ModalViewController.swift; sourceTree = "<group>"; };
		3A4428A325B2F0E2003CA83D /* FileRelationshipViewController.swift */ = {isa = PBXFileReference; lastKnownFileType = sourcecode.swift; path = FileRelationshipViewController.swift; sourceTree = "<group>"; };
		3A4428A825B2FAEA003CA83D /* SecondViewController.swift */ = {isa = PBXFileReference; lastKnownFileType = sourcecode.swift; path = SecondViewController.swift; sourceTree = "<group>"; };
/* End PBXFileReference section */

/* Begin PBXFrameworksBuildPhase section */
		3A44286525B2E9FD003CA83D /* Frameworks */ = {
			isa = PBXFrameworksBuildPhase;
			buildActionMask = 2147483647;
			files = (
			);
			runOnlyForDeploymentPostprocessing = 0;
		};
		3A44287B25B2E9FE003CA83D /* Frameworks */ = {
			isa = PBXFrameworksBuildPhase;
			buildActionMask = 2147483647;
			files = (
			);
			runOnlyForDeploymentPostprocessing = 0;
		};
		3A44288625B2E9FE003CA83D /* Frameworks */ = {
			isa = PBXFrameworksBuildPhase;
			buildActionMask = 2147483647;
			files = (
			);
			runOnlyForDeploymentPostprocessing = 0;
		};
/* End PBXFrameworksBuildPhase section */

/* Begin PBXGroup section */
		3A44285F25B2E9FD003CA83D = {
			isa = PBXGroup;
			children = (
				3A44286A25B2E9FD003CA83D /* SampleScreenTransition */,
				3A44288125B2E9FE003CA83D /* SampleScreenTransitionTests */,
				3A44288C25B2E9FE003CA83D /* SampleScreenTransitionUITests */,
				3A44286925B2E9FD003CA83D /* Products */,
			);
			sourceTree = "<group>";
		};
		3A44286925B2E9FD003CA83D /* Products */ = {
			isa = PBXGroup;
			children = (
				3A44286825B2E9FD003CA83D /* SampleScreenTransition.app */,
				3A44287E25B2E9FE003CA83D /* SampleScreenTransitionTests.xctest */,
				3A44288925B2E9FE003CA83D /* SampleScreenTransitionUITests.xctest */,
			);
			name = Products;
			sourceTree = "<group>";
		};
		3A44286A25B2E9FD003CA83D /* SampleScreenTransition */ = {
			isa = PBXGroup;
			children = (
				3A44286B25B2E9FD003CA83D /* AppDelegate.swift */,
				3A44286D25B2E9FD003CA83D /* SceneDelegate.swift */,
				3A44286F25B2E9FD003CA83D /* ViewController.swift */,
				3A44287125B2E9FD003CA83D /* Main.storyboard */,
				3A44287425B2E9FE003CA83D /* Assets.xcassets */,
				3A44287625B2E9FE003CA83D /* LaunchScreen.storyboard */,
				3A44287925B2E9FE003CA83D /* Info.plist */,
				3A44289E25B2ECEE003CA83D /* ModalViewController.swift */,
				3A4428A325B2F0E2003CA83D /* FileRelationshipViewController.swift */,
				3A4428A825B2FAEA003CA83D /* SecondViewController.swift */,
			);
			path = SampleScreenTransition;
			sourceTree = "<group>";
		};
		3A44288125B2E9FE003CA83D /* SampleScreenTransitionTests */ = {
			isa = PBXGroup;
			children = (
				3A44288225B2E9FE003CA83D /* SampleScreenTransitionTests.swift */,
				3A44288425B2E9FE003CA83D /* Info.plist */,
			);
			path = SampleScreenTransitionTests;
			sourceTree = "<group>";
		};
		3A44288C25B2E9FE003CA83D /* SampleScreenTransitionUITests */ = {
			isa = PBXGroup;
			children = (
				3A44288D25B2E9FE003CA83D /* SampleScreenTransitionUITests.swift */,
				3A44288F25B2E9FE003CA83D /* Info.plist */,
			);
			path = SampleScreenTransitionUITests;
			sourceTree = "<group>";
		};
/* End PBXGroup section */

/* Begin PBXNativeTarget section */
		3A44286725B2E9FD003CA83D /* SampleScreenTransition */ = {
			isa = PBXNativeTarget;
			buildConfigurationList = 3A44289225B2E9FE003CA83D /* Build configuration list for PBXNativeTarget "SampleScreenTransition" */;
			buildPhases = (
				3A44286425B2E9FD003CA83D /* Sources */,
				3A44286525B2E9FD003CA83D /* Frameworks */,
				3A44286625B2E9FD003CA83D /* Resources */,
			);
			buildRules = (
			);
			dependencies = (
			);
			name = SampleScreenTransition;
			productName = SampleScreenTransition;
			productReference = 3A44286825B2E9FD003CA83D /* SampleScreenTransition.app */;
			productType = "com.apple.product-type.application";
		};
		3A44287D25B2E9FE003CA83D /* SampleScreenTransitionTests */ = {
			isa = PBXNativeTarget;
			buildConfigurationList = 3A44289525B2E9FE003CA83D /* Build configuration list for PBXNativeTarget "SampleScreenTransitionTests" */;
			buildPhases = (
				3A44287A25B2E9FE003CA83D /* Sources */,
				3A44287B25B2E9FE003CA83D /* Frameworks */,
				3A44287C25B2E9FE003CA83D /* Resources */,
			);
			buildRules = (
			);
			dependencies = (
				3A44288025B2E9FE003CA83D /* PBXTargetDependency */,
			);
			name = SampleScreenTransitionTests;
			productName = SampleScreenTransitionTests;
			productReference = 3A44287E25B2E9FE003CA83D /* SampleScreenTransitionTests.xctest */;
			productType = "com.apple.product-type.bundle.unit-test";
		};
		3A44288825B2E9FE003CA83D /* SampleScreenTransitionUITests */ = {
			isa = PBXNativeTarget;
			buildConfigurationList = 3A44289825B2E9FE003CA83D /* Build configuration list for PBXNativeTarget "SampleScreenTransitionUITests" */;
			buildPhases = (
				3A44288525B2E9FE003CA83D /* Sources */,
				3A44288625B2E9FE003CA83D /* Frameworks */,
				3A44288725B2E9FE003CA83D /* Resources */,
			);
			buildRules = (
			);
			dependencies = (
				3A44288B25B2E9FE003CA83D /* PBXTargetDependency */,
			);
			name = SampleScreenTransitionUITests;
			productName = SampleScreenTransitionUITests;
			productReference = 3A44288925B2E9FE003CA83D /* SampleScreenTransitionUITests.xctest */;
			productType = "com.apple.product-type.bundle.ui-testing";
		};
/* End PBXNativeTarget section */

/* Begin PBXProject section */
		3A44286025B2E9FD003CA83D /* Project object */ = {
			isa = PBXProject;
			attributes = {
				LastSwiftUpdateCheck = 1230;
				LastUpgradeCheck = 1230;
				TargetAttributes = {
					3A44286725B2E9FD003CA83D = {
						CreatedOnToolsVersion = 12.3;
					};
					3A44287D25B2E9FE003CA83D = {
						CreatedOnToolsVersion = 12.3;
						TestTargetID = 3A44286725B2E9FD003CA83D;
					};
					3A44288825B2E9FE003CA83D = {
						CreatedOnToolsVersion = 12.3;
						TestTargetID = 3A44286725B2E9FD003CA83D;
					};
				};
			};
			buildConfigurationList = 3A44286325B2E9FD003CA83D /* Build configuration list for PBXProject "SampleScreenTransition" */;
			compatibilityVersion = "Xcode 9.3";
			developmentRegion = en;
			hasScannedForEncodings = 0;
			knownRegions = (
				en,
				Base,
			);
			mainGroup = 3A44285F25B2E9FD003CA83D;
			productRefGroup = 3A44286925B2E9FD003CA83D /* Products */;
			projectDirPath = "";
			projectRoot = "";
			targets = (
				3A44286725B2E9FD003CA83D /* SampleScreenTransition */,
				3A44287D25B2E9FE003CA83D /* SampleScreenTransitionTests */,
				3A44288825B2E9FE003CA83D /* SampleScreenTransitionUITests */,
			);
		};
/* End PBXProject section */

/* Begin PBXResourcesBuildPhase section */
		3A44286625B2E9FD003CA83D /* Resources */ = {
			isa = PBXResourcesBuildPhase;
			buildActionMask = 2147483647;
			files = (
				3A44287825B2E9FE003CA83D /* LaunchScreen.storyboard in Resources */,
				3A44287525B2E9FE003CA83D /* Assets.xcassets in Resources */,
				3A44287325B2E9FD003CA83D /* Main.storyboard in Resources */,
			);
			runOnlyForDeploymentPostprocessing = 0;
		};
		3A44287C25B2E9FE003CA83D /* Resources */ = {
			isa = PBXResourcesBuildPhase;
			buildActionMask = 2147483647;
			files = (
			);
			runOnlyForDeploymentPostprocessing = 0;
		};
		3A44288725B2E9FE003CA83D /* Resources */ = {
			isa = PBXResourcesBuildPhase;
			buildActionMask = 2147483647;
			files = (
			);
			runOnlyForDeploymentPostprocessing = 0;
		};
/* End PBXResourcesBuildPhase section */

/* Begin PBXSourcesBuildPhase section */
		3A44286425B2E9FD003CA83D /* Sources */ = {
			isa = PBXSourcesBuildPhase;
			buildActionMask = 2147483647;
			files = (
				3A44289F25B2ECEF003CA83D /* ModalViewController.swift in Sources */,
				3A44287025B2E9FD003CA83D /* ViewController.swift in Sources */,
				3A44286C25B2E9FD003CA83D /* AppDelegate.swift in Sources */,
				3A4428A425B2F0E2003CA83D /* FileRelationshipViewController.swift in Sources */,
				3A4428A925B2FAEA003CA83D /* SecondViewController.swift in Sources */,
				3A44286E25B2E9FD003CA83D /* SceneDelegate.swift in Sources */,
			);
			runOnlyForDeploymentPostprocessing = 0;
		};
		3A44287A25B2E9FE003CA83D /* Sources */ = {
			isa = PBXSourcesBuildPhase;
			buildActionMask = 2147483647;
			files = (
				3A44288325B2E9FE003CA83D /* SampleScreenTransitionTests.swift in Sources */,
			);
			runOnlyForDeploymentPostprocessing = 0;
		};
		3A44288525B2E9FE003CA83D /* Sources */ = {
			isa = PBXSourcesBuildPhase;
			buildActionMask = 2147483647;
			files = (
				3A44288E25B2E9FE003CA83D /* SampleScreenTransitionUITests.swift in Sources */,
			);
			runOnlyForDeploymentPostprocessing = 0;
		};
/* End PBXSourcesBuildPhase section */

/* Begin PBXTargetDependency section */
		3A44288025B2E9FE003CA83D /* PBXTargetDependency */ = {
			isa = PBXTargetDependency;
			target = 3A44286725B2E9FD003CA83D /* SampleScreenTransition */;
			targetProxy = 3A44287F25B2E9FE003CA83D /* PBXContainerItemProxy */;
		};
		3A44288B25B2E9FE003CA83D /* PBXTargetDependency */ = {
			isa = PBXTargetDependency;
			target = 3A44286725B2E9FD003CA83D /* SampleScreenTransition */;
			targetProxy = 3A44288A25B2E9FE003CA83D /* PBXContainerItemProxy */;
		};
/* End PBXTargetDependency section */

/* Begin PBXVariantGroup section */
		3A44287125B2E9FD003CA83D /* Main.storyboard */ = {
			isa = PBXVariantGroup;
			children = (
				3A44287225B2E9FD003CA83D /* Base */,
			);
			name = Main.storyboard;
			sourceTree = "<group>";
		};
		3A44287625B2E9FE003CA83D /* LaunchScreen.storyboard */ = {
			isa = PBXVariantGroup;
			children = (
				3A44287725B2E9FE003CA83D /* Base */,
			);
			name = LaunchScreen.storyboard;
			sourceTree = "<group>";
		};
/* End PBXVariantGroup section */

/* Begin XCBuildConfiguration section */
		3A44289025B2E9FE003CA83D /* Debug */ = {
			isa = XCBuildConfiguration;
			buildSettings = {
				ALWAYS_SEARCH_USER_PATHS = NO;
				CLANG_ANALYZER_NONNULL = YES;
				CLANG_ANALYZER_NUMBER_OBJECT_CONVERSION = YES_AGGRESSIVE;
				CLANG_CXX_LANGUAGE_STANDARD = "gnu++14";
				CLANG_CXX_LIBRARY = "libc++";
				CLANG_ENABLE_MODULES = YES;
				CLANG_ENABLE_OBJC_ARC = YES;
				CLANG_ENABLE_OBJC_WEAK = YES;
				CLANG_WARN_BLOCK_CAPTURE_AUTORELEASING = YES;
				CLANG_WARN_BOOL_CONVERSION = YES;
				CLANG_WARN_COMMA = YES;
				CLANG_WARN_CONSTANT_CONVERSION = YES;
				CLANG_WARN_DEPRECATED_OBJC_IMPLEMENTATIONS = YES;
				CLANG_WARN_DIRECT_OBJC_ISA_USAGE = YES_ERROR;
				CLANG_WARN_DOCUMENTATION_COMMENTS = YES;
				CLANG_WARN_EMPTY_BODY = YES;
				CLANG_WARN_ENUM_CONVERSION = YES;
				CLANG_WARN_INFINITE_RECURSION = YES;
				CLANG_WARN_INT_CONVERSION = YES;
				CLANG_WARN_NON_LITERAL_NULL_CONVERSION = YES;
				CLANG_WARN_OBJC_IMPLICIT_RETAIN_SELF = YES;
				CLANG_WARN_OBJC_LITERAL_CONVERSION = YES;
				CLANG_WARN_OBJC_ROOT_CLASS = YES_ERROR;
				CLANG_WARN_QUOTED_INCLUDE_IN_FRAMEWORK_HEADER = YES;
				CLANG_WARN_RANGE_LOOP_ANALYSIS = YES;
				CLANG_WARN_STRICT_PROTOTYPES = YES;
				CLANG_WARN_SUSPICIOUS_MOVE = YES;
				CLANG_WARN_UNGUARDED_AVAILABILITY = YES_AGGRESSIVE;
				CLANG_WARN_UNREACHABLE_CODE = YES;
				CLANG_WARN__DUPLICATE_METHOD_MATCH = YES;
				COPY_PHASE_STRIP = NO;
				DEBUG_INFORMATION_FORMAT = dwarf;
				ENABLE_STRICT_OBJC_MSGSEND = YES;
				ENABLE_TESTABILITY = YES;
				GCC_C_LANGUAGE_STANDARD = gnu11;
				GCC_DYNAMIC_NO_PIC = NO;
				GCC_NO_COMMON_BLOCKS = YES;
				GCC_OPTIMIZATION_LEVEL = 0;
				GCC_PREPROCESSOR_DEFINITIONS = (
					"DEBUG=1",
					"$(inherited)",
				);
				GCC_WARN_64_TO_32_BIT_CONVERSION = YES;
				GCC_WARN_ABOUT_RETURN_TYPE = YES_ERROR;
				GCC_WARN_UNDECLARED_SELECTOR = YES;
				GCC_WARN_UNINITIALIZED_AUTOS = YES_AGGRESSIVE;
				GCC_WARN_UNUSED_FUNCTION = YES;
				GCC_WARN_UNUSED_VARIABLE = YES;
				IPHONEOS_DEPLOYMENT_TARGET = 14.3;
				MTL_ENABLE_DEBUG_INFO = INCLUDE_SOURCE;
				MTL_FAST_MATH = YES;
				ONLY_ACTIVE_ARCH = YES;
				SDKROOT = iphoneos;
				SWIFT_ACTIVE_COMPILATION_CONDITIONS = DEBUG;
				SWIFT_OPTIMIZATION_LEVEL = "-Onone";
			};
			name = Debug;
		};
		3A44289125B2E9FE003CA83D /* Release */ = {
			isa = XCBuildConfiguration;
			buildSettings = {
				ALWAYS_SEARCH_USER_PATHS = NO;
				CLANG_ANALYZER_NONNULL = YES;
				CLANG_ANALYZER_NUMBER_OBJECT_CONVERSION = YES_AGGRESSIVE;
				CLANG_CXX_LANGUAGE_STANDARD = "gnu++14";
				CLANG_CXX_LIBRARY = "libc++";
				CLANG_ENABLE_MODULES = YES;
				CLANG_ENABLE_OBJC_ARC = YES;
				CLANG_ENABLE_OBJC_WEAK = YES;
				CLANG_WARN_BLOCK_CAPTURE_AUTORELEASING = YES;
				CLANG_WARN_BOOL_CONVERSION = YES;
				CLANG_WARN_COMMA = YES;
				CLANG_WARN_CONSTANT_CONVERSION = YES;
				CLANG_WARN_DEPRECATED_OBJC_IMPLEMENTATIONS = YES;
				CLANG_WARN_DIRECT_OBJC_ISA_USAGE = YES_ERROR;
				CLANG_WARN_DOCUMENTATION_COMMENTS = YES;
				CLANG_WARN_EMPTY_BODY = YES;
				CLANG_WARN_ENUM_CONVERSION = YES;
				CLANG_WARN_INFINITE_RECURSION = YES;
				CLANG_WARN_INT_CONVERSION = YES;
				CLANG_WARN_NON_LITERAL_NULL_CONVERSION = YES;
				CLANG_WARN_OBJC_IMPLICIT_RETAIN_SELF = YES;
				CLANG_WARN_OBJC_LITERAL_CONVERSION = YES;
				CLANG_WARN_OBJC_ROOT_CLASS = YES_ERROR;
				CLANG_WARN_QUOTED_INCLUDE_IN_FRAMEWORK_HEADER = YES;
				CLANG_WARN_RANGE_LOOP_ANALYSIS = YES;
				CLANG_WARN_STRICT_PROTOTYPES = YES;
				CLANG_WARN_SUSPICIOUS_MOVE = YES;
				CLANG_WARN_UNGUARDED_AVAILABILITY = YES_AGGRESSIVE;
				CLANG_WARN_UNREACHABLE_CODE = YES;
				CLANG_WARN__DUPLICATE_METHOD_MATCH = YES;
				COPY_PHASE_STRIP = NO;
				DEBUG_INFORMATION_FORMAT = "dwarf-with-dsym";
				ENABLE_NS_ASSERTIONS = NO;
				ENABLE_STRICT_OBJC_MSGSEND = YES;
				GCC_C_LANGUAGE_STANDARD = gnu11;
				GCC_NO_COMMON_BLOCKS = YES;
				GCC_WARN_64_TO_32_BIT_CONVERSION = YES;
				GCC_WARN_ABOUT_RETURN_TYPE = YES_ERROR;
				GCC_WARN_UNDECLARED_SELECTOR = YES;
				GCC_WARN_UNINITIALIZED_AUTOS = YES_AGGRESSIVE;
				GCC_WARN_UNUSED_FUNCTION = YES;
				GCC_WARN_UNUSED_VARIABLE = YES;
				IPHONEOS_DEPLOYMENT_TARGET = 14.3;
				MTL_ENABLE_DEBUG_INFO = NO;
				MTL_FAST_MATH = YES;
				SDKROOT = iphoneos;
				SWIFT_COMPILATION_MODE = wholemodule;
				SWIFT_OPTIMIZATION_LEVEL = "-O";
				VALIDATE_PRODUCT = YES;
			};
			name = Release;
		};
		3A44289325B2E9FE003CA83D /* Debug */ = {
			isa = XCBuildConfiguration;
			buildSettings = {
				ASSETCATALOG_COMPILER_APPICON_NAME = AppIcon;
				ASSETCATALOG_COMPILER_GLOBAL_ACCENT_COLOR_NAME = AccentColor;
				CODE_SIGN_STYLE = Automatic;
				INFOPLIST_FILE = SampleScreenTransition/Info.plist;
				LD_RUNPATH_SEARCH_PATHS = (
					"$(inherited)",
					"@executable_path/Frameworks",
				);
				PRODUCT_BUNDLE_IDENTIFIER = com.gmail.naho032765.SampleScreenTransition;
				PRODUCT_NAME = "$(TARGET_NAME)";
				SWIFT_VERSION = 5.0;
				TARGETED_DEVICE_FAMILY = "1,2";
			};
			name = Debug;
		};
		3A44289425B2E9FE003CA83D /* Release */ = {
			isa = XCBuildConfiguration;
			buildSettings = {
				ASSETCATALOG_COMPILER_APPICON_NAME = AppIcon;
				ASSETCATALOG_COMPILER_GLOBAL_ACCENT_COLOR_NAME = AccentColor;
				CODE_SIGN_STYLE = Automatic;
				INFOPLIST_FILE = SampleScreenTransition/Info.plist;
				LD_RUNPATH_SEARCH_PATHS = (
					"$(inherited)",
					"@executable_path/Frameworks",
				);
				PRODUCT_BUNDLE_IDENTIFIER = com.gmail.naho032765.SampleScreenTransition;
				PRODUCT_NAME = "$(TARGET_NAME)";
				SWIFT_VERSION = 5.0;
				TARGETED_DEVICE_FAMILY = "1,2";
			};
			name = Release;
		};
		3A44289625B2E9FE003CA83D /* Debug */ = {
			isa = XCBuildConfiguration;
			buildSettings = {
				ALWAYS_EMBED_SWIFT_STANDARD_LIBRARIES = YES;
				BUNDLE_LOADER = "$(TEST_HOST)";
				CODE_SIGN_STYLE = Automatic;
				INFOPLIST_FILE = SampleScreenTransitionTests/Info.plist;
				IPHONEOS_DEPLOYMENT_TARGET = 14.3;
				LD_RUNPATH_SEARCH_PATHS = (
					"$(inherited)",
					"@executable_path/Frameworks",
					"@loader_path/Frameworks",
				);
				PRODUCT_BUNDLE_IDENTIFIER = com.gmail.naho032765.SampleScreenTransitionTests;
				PRODUCT_NAME = "$(TARGET_NAME)";
				SWIFT_VERSION = 5.0;
				TARGETED_DEVICE_FAMILY = "1,2";
				TEST_HOST = "$(BUILT_PRODUCTS_DIR)/SampleScreenTransition.app/SampleScreenTransition";
			};
			name = Debug;
		};
		3A44289725B2E9FE003CA83D /* Release */ = {
			isa = XCBuildConfiguration;
			buildSettings = {
				ALWAYS_EMBED_SWIFT_STANDARD_LIBRARIES = YES;
				BUNDLE_LOADER = "$(TEST_HOST)";
				CODE_SIGN_STYLE = Automatic;
				INFOPLIST_FILE = SampleScreenTransitionTests/Info.plist;
				IPHONEOS_DEPLOYMENT_TARGET = 14.3;
				LD_RUNPATH_SEARCH_PATHS = (
					"$(inherited)",
					"@executable_path/Frameworks",
					"@loader_path/Frameworks",
				);
				PRODUCT_BUNDLE_IDENTIFIER = com.gmail.naho032765.SampleScreenTransitionTests;
				PRODUCT_NAME = "$(TARGET_NAME)";
				SWIFT_VERSION = 5.0;
				TARGETED_DEVICE_FAMILY = "1,2";
				TEST_HOST = "$(BUILT_PRODUCTS_DIR)/SampleScreenTransition.app/SampleScreenTransition";
			};
			name = Release;
		};
		3A44289925B2E9FE003CA83D /* Debug */ = {
			isa = XCBuildConfiguration;
			buildSettings = {
				ALWAYS_EMBED_SWIFT_STANDARD_LIBRARIES = YES;
				CODE_SIGN_STYLE = Automatic;
				INFOPLIST_FILE = SampleScreenTransitionUITests/Info.plist;
				LD_RUNPATH_SEARCH_PATHS = (
					"$(inherited)",
					"@executable_path/Frameworks",
					"@loader_path/Frameworks",
				);
				PRODUCT_BUNDLE_IDENTIFIER = com.gmail.naho032765.SampleScreenTransitionUITests;
				PRODUCT_NAME = "$(TARGET_NAME)";
				SWIFT_VERSION = 5.0;
				TARGETED_DEVICE_FAMILY = "1,2";
				TEST_TARGET_NAME = SampleScreenTransition;
			};
			name = Debug;
		};
		3A44289A25B2E9FE003CA83D /* Release */ = {
			isa = XCBuildConfiguration;
			buildSettings = {
				ALWAYS_EMBED_SWIFT_STANDARD_LIBRARIES = YES;
				CODE_SIGN_STYLE = Automatic;
				INFOPLIST_FILE = SampleScreenTransitionUITests/Info.plist;
				LD_RUNPATH_SEARCH_PATHS = (
					"$(inherited)",
					"@executable_path/Frameworks",
					"@loader_path/Frameworks",
				);
				PRODUCT_BUNDLE_IDENTIFIER = com.gmail.naho032765.SampleScreenTransitionUITests;
				PRODUCT_NAME = "$(TARGET_NAME)";
				SWIFT_VERSION = 5.0;
				TARGETED_DEVICE_FAMILY = "1,2";
				TEST_TARGET_NAME = SampleScreenTransition;
			};
			name = Release;
		};
/* End XCBuildConfiguration section */

/* Begin XCConfigurationList section */
		3A44286325B2E9FD003CA83D /* Build configuration list for PBXProject "SampleScreenTransition" */ = {
			isa = XCConfigurationList;
			buildConfigurations = (
				3A44289025B2E9FE003CA83D /* Debug */,
				3A44289125B2E9FE003CA83D /* Release */,
			);
			defaultConfigurationIsVisible = 0;
			defaultConfigurationName = Release;
		};
		3A44289225B2E9FE003CA83D /* Build configuration list for PBXNativeTarget "SampleScreenTransition" */ = {
			isa = XCConfigurationList;
			buildConfigurations = (
				3A44289325B2E9FE003CA83D /* Debug */,
				3A44289425B2E9FE003CA83D /* Release */,
			);
			defaultConfigurationIsVisible = 0;
			defaultConfigurationName = Release;
		};
		3A44289525B2E9FE003CA83D /* Build configuration list for PBXNativeTarget "SampleScreenTransitionTests" */ = {
			isa = XCConfigurationList;
			buildConfigurations = (
				3A44289625B2E9FE003CA83D /* Debug */,
				3A44289725B2E9FE003CA83D /* Release */,
			);
			defaultConfigurationIsVisible = 0;
			defaultConfigurationName = Release;
		};
		3A44289825B2E9FE003CA83D /* Build configuration list for PBXNativeTarget "SampleScreenTransitionUITests" */ = {
			isa = XCConfigurationList;
			buildConfigurations = (
				3A44289925B2E9FE003CA83D /* Debug */,
				3A44289A25B2E9FE003CA83D /* Release */,
			);
			defaultConfigurationIsVisible = 0;
			defaultConfigurationName = Release;
		};
/* End XCConfigurationList section */
	};
	rootObject = 3A44286025B2E9FD003CA83D /* Project object */;
}
